
Microsoft Visual Studio Solution File, Format Version 12.00
# Visual Studio Version 16
VisualStudioVersion = 16.0.31515.178
MinimumVisualStudioVersion = 10.0.40219.1
Project("{FAE04EC0-301F-11D3-BF4B-00C04F79EFBC}") = "SmartSchool.API", "SmartSchool.API\SmartSchool.API.csproj", "{CA3FE1CC-4F67-4A8C-9240-E89DB46A3AF5}"
EndProject
Global
	GlobalSection(SolutionConfigurationPlatforms) = preSolution
		Debug|Any CPU = Debug|Any CPU
		Release|Any CPU = Release|Any CPU
	EndGlobalSection
	GlobalSection(ProjectConfigurationPlatforms) = postSolution
		{CA3FE1CC-4F67-4A8C-9240-E89DB46A3AF5}.Debug|Any CPU.ActiveCfg = Debug|Any CPU
		{CA3FE1CC-4F67-4A8C-9240-E89DB46A3AF5}.Debug|Any CPU.Build.0 = Debug|Any CPU
		{CA3FE1CC-4F67-4A8C-9240-E89DB46A3AF5}.Release|Any CPU.ActiveCfg = Release|Any CPU
		{CA3FE1CC-4F67-4A8C-9240-E89DB46A3AF5}.Release|Any CPU.Build.0 = Release|Any CPU
	EndGlobalSection
	GlobalSection(SolutionProperties) = preSolution
		HideSolutionNode = FALSE
	EndGlobalSection
	GlobalSection(ExtensibilityGlobals) = postSolution
		SolutionGuid = {F9FFD70B-25D2-4B64-B390-D065D70C2216}
	EndGlobalSection
EndGlobal
